github.com/klauspost/cpuid v1.2.4 h1:EBfaK0SWSwk+fgk6efYFWdzl8MwRWoOO1gkmiaTXPW4=
github.com/klauspost/cpuid v1.2.4/go.mod h1:Pj4uuM528wm8OyEC2QMXAi2YiTZ96dNQPGgoMS4s3ek=
github.com/klauspost/reedsolomon v1.9.8 h1:zp0B+WsgHRTehju/ndu4BhmzZxucDbgiZfA97fQiG0M=
github.com/klauspost/reedsolomon v1.9.8/go.mod h1:+8WD025Xpby8/kG5h/HDPIFhiiuGEtZOKw+5Y4drAD8=
github.com/streadway/amqp v0.0.0-20200108173154-1c71cc93ed71 h1:2MR0pKUzlP3SGgj5NYJe/zRYDwOu9ku6YHy+Iw7l5DM=
github.com/streadway/amqp v0.0.0-20200108173154-1c71cc93ed71/go.mod h1:AZpEONHx3DKn8O/DFsRAY58/XVQiIPMTMB1SddzLXVw=
